
Microsoft Visual Studio Solution File, Format Version 12.00
# Visual Studio Version 16
VisualStudioVersion = 16.0.28803.352
MinimumVisualStudioVersion = 10.0.40219.1
Project("{FAE04EC0-301F-11D3-BF4B-00C04F79EFBC}") = "WindowsFormsApp1", "WindowsFormsApp1.csproj", "{2EE8A647-B06C-4278-B7F5-614F248A70DF}"
EndProject
Global
	GlobalSection(SolutionConfigurationPlatforms) = preSolution
		Debug|Any CPU = Debug|Any CPU
		Release|Any CPU = Release|Any CPU
	EndGlobalSection
	GlobalSection(ProjectConfigurationPlatforms) = postSolution
		{2EE8A647-B06C-4278-B7F5-614F248A70DF}.Debug|Any CPU.ActiveCfg = Debug|Any CPU
		{2EE8A647-B06C-4278-B7F5-614F248A70DF}.Debug|Any CPU.Build.0 = Debug|Any CPU
		{2EE8A647-B06C-4278-B7F5-614F248A70DF}.Release|Any CPU.ActiveCfg = Release|Any CPU
		{2EE8A647-B06C-4278-B7F5-614F248A70DF}.Release|Any CPU.Build.0 = Release|Any CPU
	EndGlobalSection
	GlobalSection(SolutionProperties) = preSolution
		HideSolutionNode = FALSE
	EndGlobalSection
	GlobalSection(ExtensibilityGlobals) = postSolution
		SolutionGuid = {A15C10AF-4709-4C2C-B48B-9926B466A674}
	EndGlobalSection
EndGlobal
